
Microsoft Visual Studio Solution File, Format Version 12.00
# Visual Studio Version 17
VisualStudioVersion = 17.8.34330.188
MinimumVisualStudioVersion = 10.0.40219.1
Project("{9A19103F-16F7-4668-BE54-9A1E7A4F7556}") = "Day5", "Day5.csproj", "{FF121E52-5CE0-4B1B-A9F7-5650664FE341}"
EndProject
Global
	GlobalSection(SolutionConfigurationPlatforms) = preSolution
		Debug|Any CPU = Debug|Any CPU
		Release|Any CPU = Release|Any CPU
	EndGlobalSection
	GlobalSection(ProjectConfigurationPlatforms) = postSolution
		{FF121E52-5CE0-4B1B-A9F7-5650664FE341}.Debug|Any CPU.ActiveCfg = Debug|Any CPU
		{FF121E52-5CE0-4B1B-A9F7-5650664FE341}.Debug|Any CPU.Build.0 = Debug|Any CPU
		{FF121E52-5CE0-4B1B-A9F7-5650664FE341}.Release|Any CPU.ActiveCfg = Release|Any CPU
		{FF121E52-5CE0-4B1B-A9F7-5650664FE341}.Release|Any CPU.Build.0 = Release|Any CPU
	EndGlobalSection
	GlobalSection(SolutionProperties) = preSolution
		HideSolutionNode = FALSE
	EndGlobalSection
	GlobalSection(ExtensibilityGlobals) = postSolution
		SolutionGuid = {0C8667FC-2B7A-48DA-8F74-D1F484F834AB}
	EndGlobalSection
EndGlobal
