
Microsoft Visual Studio Solution File, Format Version 12.00
# Visual Studio Version 17
VisualStudioVersion = 17.12.35527.113 d17.12
MinimumVisualStudioVersion = 10.0.40219.1
Project("{FAE04EC0-301F-11D3-BF4B-00C04F79EFBC}") = "Day8", "Day8.csproj", "{76D9C1A6-9858-4A2C-96B2-6F6192CE4983}"
EndProject
Project("{FAE04EC0-301F-11D3-BF4B-00C04F79EFBC}") = "AocHelper", "..\..\Helpers\AocHelper\AocHelper.csproj", "{CBF1F2A7-E043-4BAC-AC00-9A5B01C8EC4B}"
EndProject
Global
	GlobalSection(SolutionConfigurationPlatforms) = preSolution
		Debug|Any CPU = Debug|Any CPU
		Release|Any CPU = Release|Any CPU
	EndGlobalSection
	GlobalSection(ProjectConfigurationPlatforms) = postSolution
		{76D9C1A6-9858-4A2C-96B2-6F6192CE4983}.Debug|Any CPU.ActiveCfg = Debug|Any CPU
		{76D9C1A6-9858-4A2C-96B2-6F6192CE4983}.Debug|Any CPU.Build.0 = Debug|Any CPU
		{76D9C1A6-9858-4A2C-96B2-6F6192CE4983}.Release|Any CPU.ActiveCfg = Release|Any CPU
		{76D9C1A6-9858-4A2C-96B2-6F6192CE4983}.Release|Any CPU.Build.0 = Release|Any CPU
		{CBF1F2A7-E043-4BAC-AC00-9A5B01C8EC4B}.Debug|Any CPU.ActiveCfg = Debug|Any CPU
		{CBF1F2A7-E043-4BAC-AC00-9A5B01C8EC4B}.Debug|Any CPU.Build.0 = Debug|Any CPU
		{CBF1F2A7-E043-4BAC-AC00-9A5B01C8EC4B}.Release|Any CPU.ActiveCfg = Release|Any CPU
		{CBF1F2A7-E043-4BAC-AC00-9A5B01C8EC4B}.Release|Any CPU.Build.0 = Release|Any CPU
	EndGlobalSection
	GlobalSection(SolutionProperties) = preSolution
		HideSolutionNode = FALSE
	EndGlobalSection
EndGlobal
