
Microsoft Visual Studio Solution File, Format Version 12.00
# Visual Studio Version 17
VisualStudioVersion = 17.8.34330.188
MinimumVisualStudioVersion = 10.0.40219.1
Project("{9A19103F-16F7-4668-BE54-9A1E7A4F7556}") = "Day21", "Day21.csproj", "{A827CEA3-9CBA-4A51-89A6-8F5874D51CCB}"
EndProject
Global
	GlobalSection(SolutionConfigurationPlatforms) = preSolution
		Debug|Any CPU = Debug|Any CPU
		Release|Any CPU = Release|Any CPU
	EndGlobalSection
	GlobalSection(ProjectConfigurationPlatforms) = postSolution
		{A827CEA3-9CBA-4A51-89A6-8F5874D51CCB}.Debug|Any CPU.ActiveCfg = Debug|Any CPU
		{A827CEA3-9CBA-4A51-89A6-8F5874D51CCB}.Debug|Any CPU.Build.0 = Debug|Any CPU
		{A827CEA3-9CBA-4A51-89A6-8F5874D51CCB}.Release|Any CPU.ActiveCfg = Release|Any CPU
		{A827CEA3-9CBA-4A51-89A6-8F5874D51CCB}.Release|Any CPU.Build.0 = Release|Any CPU
	EndGlobalSection
	GlobalSection(SolutionProperties) = preSolution
		HideSolutionNode = FALSE
	EndGlobalSection
	GlobalSection(ExtensibilityGlobals) = postSolution
		SolutionGuid = {845018DC-C403-4D2E-9AAA-279806B02054}
	EndGlobalSection
EndGlobal
