
Microsoft Visual Studio Solution File, Format Version 12.00
# Visual Studio Version 17
VisualStudioVersion = 17.12.35527.113 d17.12
MinimumVisualStudioVersion = 10.0.40219.1
Project("{FAE04EC0-301F-11D3-BF4B-00C04F79EFBC}") = "Day5", "Day5.csproj", "{747FFC48-DF82-41DF-B38A-7BE47C52F8BB}"
EndProject
Project("{FAE04EC0-301F-11D3-BF4B-00C04F79EFBC}") = "AocHelper", "..\..\Helpers\AocHelper\AocHelper.csproj", "{3108786E-3CF0-45F9-94BA-B878D9B55B81}"
EndProject
Global
	GlobalSection(SolutionConfigurationPlatforms) = preSolution
		Debug|Any CPU = Debug|Any CPU
		Release|Any CPU = Release|Any CPU
	EndGlobalSection
	GlobalSection(ProjectConfigurationPlatforms) = postSolution
		{747FFC48-DF82-41DF-B38A-7BE47C52F8BB}.Debug|Any CPU.ActiveCfg = Debug|Any CPU
		{747FFC48-DF82-41DF-B38A-7BE47C52F8BB}.Debug|Any CPU.Build.0 = Debug|Any CPU
		{747FFC48-DF82-41DF-B38A-7BE47C52F8BB}.Release|Any CPU.ActiveCfg = Release|Any CPU
		{747FFC48-DF82-41DF-B38A-7BE47C52F8BB}.Release|Any CPU.Build.0 = Release|Any CPU
		{3108786E-3CF0-45F9-94BA-B878D9B55B81}.Debug|Any CPU.ActiveCfg = Debug|Any CPU
		{3108786E-3CF0-45F9-94BA-B878D9B55B81}.Debug|Any CPU.Build.0 = Debug|Any CPU
		{3108786E-3CF0-45F9-94BA-B878D9B55B81}.Release|Any CPU.ActiveCfg = Release|Any CPU
		{3108786E-3CF0-45F9-94BA-B878D9B55B81}.Release|Any CPU.Build.0 = Release|Any CPU
	EndGlobalSection
	GlobalSection(SolutionProperties) = preSolution
		HideSolutionNode = FALSE
	EndGlobalSection
EndGlobal
