
Microsoft Visual Studio Solution File, Format Version 12.00
# Visual Studio Version 17
VisualStudioVersion = 17.8.34322.80
MinimumVisualStudioVersion = 10.0.40219.1
Project("{9A19103F-16F7-4668-BE54-9A1E7A4F7556}") = "Day14", "Day14.csproj", "{4E844421-609C-4987-9533-B370C169D002}"
EndProject
Global
	GlobalSection(SolutionConfigurationPlatforms) = preSolution
		Debug|Any CPU = Debug|Any CPU
		Release|Any CPU = Release|Any CPU
	EndGlobalSection
	GlobalSection(ProjectConfigurationPlatforms) = postSolution
		{4E844421-609C-4987-9533-B370C169D002}.Debug|Any CPU.ActiveCfg = Debug|Any CPU
		{4E844421-609C-4987-9533-B370C169D002}.Debug|Any CPU.Build.0 = Debug|Any CPU
		{4E844421-609C-4987-9533-B370C169D002}.Release|Any CPU.ActiveCfg = Release|Any CPU
		{4E844421-609C-4987-9533-B370C169D002}.Release|Any CPU.Build.0 = Release|Any CPU
	EndGlobalSection
	GlobalSection(SolutionProperties) = preSolution
		HideSolutionNode = FALSE
	EndGlobalSection
	GlobalSection(ExtensibilityGlobals) = postSolution
		SolutionGuid = {834A6B15-A9A6-4064-A28C-72062E3C0215}
	EndGlobalSection
EndGlobal
