
Microsoft Visual Studio Solution File, Format Version 12.00
# Visual Studio Version 17
VisualStudioVersion = 17.8.34330.188
MinimumVisualStudioVersion = 10.0.40219.1
Project("{9A19103F-16F7-4668-BE54-9A1E7A4F7556}") = "Day22", "Day22.csproj", "{58FC4307-718D-4247-888D-EEACD29B2B39}"
EndProject
Project("{9A19103F-16F7-4668-BE54-9A1E7A4F7556}") = "AocHelper", "..\AocHelper\AocHelper.csproj", "{828FF2CE-62B3-41BB-811D-A9CCE7DE3330}"
EndProject
Global
	GlobalSection(SolutionConfigurationPlatforms) = preSolution
		Debug|Any CPU = Debug|Any CPU
		Release|Any CPU = Release|Any CPU
	EndGlobalSection
	GlobalSection(ProjectConfigurationPlatforms) = postSolution
		{58FC4307-718D-4247-888D-EEACD29B2B39}.Debug|Any CPU.ActiveCfg = Debug|Any CPU
		{58FC4307-718D-4247-888D-EEACD29B2B39}.Debug|Any CPU.Build.0 = Debug|Any CPU
		{58FC4307-718D-4247-888D-EEACD29B2B39}.Release|Any CPU.ActiveCfg = Release|Any CPU
		{58FC4307-718D-4247-888D-EEACD29B2B39}.Release|Any CPU.Build.0 = Release|Any CPU
		{828FF2CE-62B3-41BB-811D-A9CCE7DE3330}.Debug|Any CPU.ActiveCfg = Debug|Any CPU
		{828FF2CE-62B3-41BB-811D-A9CCE7DE3330}.Debug|Any CPU.Build.0 = Debug|Any CPU
		{828FF2CE-62B3-41BB-811D-A9CCE7DE3330}.Release|Any CPU.ActiveCfg = Release|Any CPU
		{828FF2CE-62B3-41BB-811D-A9CCE7DE3330}.Release|Any CPU.Build.0 = Release|Any CPU
	EndGlobalSection
	GlobalSection(SolutionProperties) = preSolution
		HideSolutionNode = FALSE
	EndGlobalSection
	GlobalSection(ExtensibilityGlobals) = postSolution
		SolutionGuid = {5792CA83-24FE-483D-A0BF-4519D92E2297}
	EndGlobalSection
EndGlobal
