
Microsoft Visual Studio Solution File, Format Version 12.00
# Visual Studio Version 17
VisualStudioVersion = 17.8.34309.116
MinimumVisualStudioVersion = 10.0.40219.1
Project("{9A19103F-16F7-4668-BE54-9A1E7A4F7556}") = "Day16", "Day16.csproj", "{12503943-CB51-49E2-8380-AECF7CFF3948}"
EndProject
Global
	GlobalSection(SolutionConfigurationPlatforms) = preSolution
		Debug|Any CPU = Debug|Any CPU
		Release|Any CPU = Release|Any CPU
	EndGlobalSection
	GlobalSection(ProjectConfigurationPlatforms) = postSolution
		{12503943-CB51-49E2-8380-AECF7CFF3948}.Debug|Any CPU.ActiveCfg = Debug|Any CPU
		{12503943-CB51-49E2-8380-AECF7CFF3948}.Debug|Any CPU.Build.0 = Debug|Any CPU
		{12503943-CB51-49E2-8380-AECF7CFF3948}.Release|Any CPU.ActiveCfg = Release|Any CPU
		{12503943-CB51-49E2-8380-AECF7CFF3948}.Release|Any CPU.Build.0 = Release|Any CPU
	EndGlobalSection
	GlobalSection(SolutionProperties) = preSolution
		HideSolutionNode = FALSE
	EndGlobalSection
	GlobalSection(ExtensibilityGlobals) = postSolution
		SolutionGuid = {0C9D3F36-32FF-464B-833A-B818FF4F8D69}
	EndGlobalSection
EndGlobal
