
Microsoft Visual Studio Solution File, Format Version 12.00
# Visual Studio Version 17
VisualStudioVersion = 17.12.35527.113 d17.12
MinimumVisualStudioVersion = 10.0.40219.1
Project("{FAE04EC0-301F-11D3-BF4B-00C04F79EFBC}") = "Day10", "Day10.csproj", "{6393C118-4B00-4124-842A-31B8DCA07927}"
EndProject
Project("{FAE04EC0-301F-11D3-BF4B-00C04F79EFBC}") = "AocHelper", "..\..\Helpers\AocHelper\AocHelper.csproj", "{8B68E331-7F71-4EAB-B705-82BA0A69DD69}"
EndProject
Global
	GlobalSection(SolutionConfigurationPlatforms) = preSolution
		Debug|Any CPU = Debug|Any CPU
		Release|Any CPU = Release|Any CPU
	EndGlobalSection
	GlobalSection(ProjectConfigurationPlatforms) = postSolution
		{6393C118-4B00-4124-842A-31B8DCA07927}.Debug|Any CPU.ActiveCfg = Debug|Any CPU
		{6393C118-4B00-4124-842A-31B8DCA07927}.Debug|Any CPU.Build.0 = Debug|Any CPU
		{6393C118-4B00-4124-842A-31B8DCA07927}.Release|Any CPU.ActiveCfg = Release|Any CPU
		{6393C118-4B00-4124-842A-31B8DCA07927}.Release|Any CPU.Build.0 = Release|Any CPU
		{8B68E331-7F71-4EAB-B705-82BA0A69DD69}.Debug|Any CPU.ActiveCfg = Debug|Any CPU
		{8B68E331-7F71-4EAB-B705-82BA0A69DD69}.Debug|Any CPU.Build.0 = Debug|Any CPU
		{8B68E331-7F71-4EAB-B705-82BA0A69DD69}.Release|Any CPU.ActiveCfg = Release|Any CPU
		{8B68E331-7F71-4EAB-B705-82BA0A69DD69}.Release|Any CPU.Build.0 = Release|Any CPU
	EndGlobalSection
	GlobalSection(SolutionProperties) = preSolution
		HideSolutionNode = FALSE
	EndGlobalSection
EndGlobal
