
Microsoft Visual Studio Solution File, Format Version 12.00
# Visual Studio Version 17
VisualStudioVersion = 17.8.34330.188
MinimumVisualStudioVersion = 10.0.40219.1
Project("{9A19103F-16F7-4668-BE54-9A1E7A4F7556}") = "Day24", "Day24.csproj", "{486C4F88-AE55-453C-8751-120D99BE48D3}"
EndProject
Project("{9A19103F-16F7-4668-BE54-9A1E7A4F7556}") = "AocHelper", "..\AocHelper\AocHelper.csproj", "{A6F55609-07D1-4F36-8D50-4140C288889C}"
EndProject
Global
	GlobalSection(SolutionConfigurationPlatforms) = preSolution
		Debug|Any CPU = Debug|Any CPU
		Release|Any CPU = Release|Any CPU
	EndGlobalSection
	GlobalSection(ProjectConfigurationPlatforms) = postSolution
		{486C4F88-AE55-453C-8751-120D99BE48D3}.Debug|Any CPU.ActiveCfg = Debug|Any CPU
		{486C4F88-AE55-453C-8751-120D99BE48D3}.Debug|Any CPU.Build.0 = Debug|Any CPU
		{486C4F88-AE55-453C-8751-120D99BE48D3}.Release|Any CPU.ActiveCfg = Release|Any CPU
		{486C4F88-AE55-453C-8751-120D99BE48D3}.Release|Any CPU.Build.0 = Release|Any CPU
		{A6F55609-07D1-4F36-8D50-4140C288889C}.Debug|Any CPU.ActiveCfg = Debug|Any CPU
		{A6F55609-07D1-4F36-8D50-4140C288889C}.Debug|Any CPU.Build.0 = Debug|Any CPU
		{A6F55609-07D1-4F36-8D50-4140C288889C}.Release|Any CPU.ActiveCfg = Release|Any CPU
		{A6F55609-07D1-4F36-8D50-4140C288889C}.Release|Any CPU.Build.0 = Release|Any CPU
	EndGlobalSection
	GlobalSection(SolutionProperties) = preSolution
		HideSolutionNode = FALSE
	EndGlobalSection
	GlobalSection(ExtensibilityGlobals) = postSolution
		SolutionGuid = {A024F6F1-D77D-4DFA-817E-F61FF8B8985D}
	EndGlobalSection
EndGlobal
