
Microsoft Visual Studio Solution File, Format Version 12.00
# Visual Studio Version 17
VisualStudioVersion = 17.8.34330.188
MinimumVisualStudioVersion = 10.0.40219.1
Project("{9A19103F-16F7-4668-BE54-9A1E7A4F7556}") = "Day23", "Day23.csproj", "{B2562F35-17A3-4913-8592-8A72EF95FC01}"
EndProject
Project("{9A19103F-16F7-4668-BE54-9A1E7A4F7556}") = "AocHelper", "..\AocHelper\AocHelper.csproj", "{3C1987A5-2614-4028-8993-7FE6AC0D41E5}"
EndProject
Global
	GlobalSection(SolutionConfigurationPlatforms) = preSolution
		Debug|Any CPU = Debug|Any CPU
		Release|Any CPU = Release|Any CPU
	EndGlobalSection
	GlobalSection(ProjectConfigurationPlatforms) = postSolution
		{B2562F35-17A3-4913-8592-8A72EF95FC01}.Debug|Any CPU.ActiveCfg = Debug|Any CPU
		{B2562F35-17A3-4913-8592-8A72EF95FC01}.Debug|Any CPU.Build.0 = Debug|Any CPU
		{B2562F35-17A3-4913-8592-8A72EF95FC01}.Release|Any CPU.ActiveCfg = Release|Any CPU
		{B2562F35-17A3-4913-8592-8A72EF95FC01}.Release|Any CPU.Build.0 = Release|Any CPU
		{3C1987A5-2614-4028-8993-7FE6AC0D41E5}.Debug|Any CPU.ActiveCfg = Debug|Any CPU
		{3C1987A5-2614-4028-8993-7FE6AC0D41E5}.Debug|Any CPU.Build.0 = Debug|Any CPU
		{3C1987A5-2614-4028-8993-7FE6AC0D41E5}.Release|Any CPU.ActiveCfg = Release|Any CPU
		{3C1987A5-2614-4028-8993-7FE6AC0D41E5}.Release|Any CPU.Build.0 = Release|Any CPU
	EndGlobalSection
	GlobalSection(SolutionProperties) = preSolution
		HideSolutionNode = FALSE
	EndGlobalSection
	GlobalSection(ExtensibilityGlobals) = postSolution
		SolutionGuid = {597EF0B0-8E31-4594-B5F8-A55A464D3864}
	EndGlobalSection
EndGlobal
